dependencies:
  - _libgcc_mutex=0.1
  - _openmp_mutex=4.5
  - _tflow_select=2.1.0
  - absl-py=0.13.0
  - alembic=1.6.4
  - anyio=2.2.0
  - appdirs=1.4.4
  - argon2-cffi=20.1.0
  - arrow-cpp=4.0.1
  - asn1crypto=1.4.0
  - astor=0.8.1
  - astunparse=1.6.3
  - attrs=21.2.0
  - aws-c-common=0.4.57
  - aws-c-event-stream=0.1.6
  - aws-checksums=0.1.9
  - aws-sdk-cpp=1.8.185
  - azure-core=1.14.0
  - azure-storage-blob=12.9.0
  - backcall=0.2.0
  - blas=1.0
  - bleach=4.0.0
  - blinker=1.4
  - boost-cpp=1.73.0
  - boto3=1.15.1
  - brotli=1.0.9
  - bzip2=1.0.8
  - c-ares=1.17.1
  - ca-certificates=2021.7.5
  - cachetools=4.1.1
  - certifi=2021.5.30
  - cffi=1.14.6
  - charset-normalizer=2.0.4
  - click=8.0.1
  - cloudpickle=2.0.0
  - conda=4.10.3
  - conda-package-handling=1.7.3
  - configparser=5.0.2
  - coverage=5.5
  - cryptography=3.4.7
  - cudatoolkit=10.1.243
  - cudnn=7.6.5
  - cupti=10.1.168
  - cycler=0.10.0
  - cython=0.29.24
  - databricks-cli=0.12.1
  - dataclasses=0.8
  - dbus=1.13.18
  - debugpy=1.4.1
  - decorator=5.0.9
  - defusedxml=0.7.1
  - docker-py=4.4.1
  - docker-pycreds=0.4.0
  - docutils=0.15.2
  - double-conversion=3.1.5
  - entrypoints=0.3
  - expat=2.4.1
  - ffmpeg=4.2.2
  - flask=1.1.2
  - fontconfig=2.13.1
  - fonttools=4.25.0
  - freetype=2.10.4
  - fsspec=2021.8.1
  - gast=0.3.3
  - gflags=2.2.2
  - gitdb=4.0.7
  - gitpython=3.1.18
  - glib=2.69.1
  - glog=0.5.0
  - gmp=6.2.1
  - gnutls=3.6.15
  - google-auth=1.21.3
  - google-auth-oauthlib=0.4.4
  - google-pasta=0.2.0
  - gorilla=0.4.0
  - grpc-cpp=1.26.0
  - grpcio=1.36.1
  - gst-plugins-base=1.14.0
  - gstreamer=1.14.0
  - gunicorn=20.1.0
  - h5py=2.10.0
  - hdf5=1.10.6
  - icu=58.2
  - idna=2.10
  - importlib-metadata=4.8.1
  - importlib_metadata=4.8.1
  - intel-openmp=2021.3.0
  - ipykernel=6.2.0
  - ipython=7.27.0
  - ipython_genutils=0.2.0
  - ipywidgets=7.5.1
  - isodate=0.6.0
  - itsdangerous=2.0.1
  - jedi=0.18.0
  - jinja2=3.0.1
  - jmespath=0.10.0
  - joblib=1.0.1
  - jpeg=9d
  - json5=0.9.6
  - jsonschema=3.2.0
  - jupyter-server-mathjax=0.2.3
  - jupyter_client=7.0.1
  - jupyter_core=4.7.1
  - jupyter_server=1.4.1
  - jupyterlab=2.3.2
  - jupyterlab-git=0.21.1
  - jupyterlab_server=1.2.0
  - keras-preprocessing=1.1.2
  - kiwisolver=1.3.1
  - krb5=1.19.2
  - lame=3.100
  - lcms2=2.12
  - ld_impl_linux-64=2.35.1
  - libboost=1.73.0
  - libcurl=7.78.0
  - libedit=3.1.20210714
  - libev=4.33
  - libevent=2.1.8
  - libffi=3.3
  - libgcc-ng=9.3.0
  - libgfortran-ng=7.5.0
  - libgfortran4=7.5.0
  - libgomp=9.3.0
  - libidn2=2.3.2
  - libnghttp2=1.41.0
  - libopus=1.3.1
  - libpng=1.6.37
  - libprotobuf=3.11.2
  - libsodium=1.0.18
  - libssh2=1.9.0
  - libstdcxx-ng=9.3.0
  - libtasn1=4.16.0
  - libthrift=0.13.0
  - libtiff=4.2.0
  - libunistring=0.9.10
  - libuuid=1.0.3
  - libvpx=1.7.0
  - libwebp-base=1.2.0
  - libxcb=1.14
  - libxml2=2.9.12
  - line_profiler=2.1.2
  - lz4-c=1.9.3
  - mako=1.1.4
  - markdown=3.3.4
  - markupsafe=2.0.1
  - matplotlib=3.4.2
  - matplotlib-base=3.4.2
  - matplotlib-inline=0.1.2
  - mistune=0.8.4
  - mkl=2021.3.0
  - mkl-service=2.4.0
  - mkl_fft=1.3.0
  - mkl_random=1.2.2
  - mlflow=1.10.0
  - msrest=0.6.21
  - munkres=1.1.4
  - nbconvert=5.6.1
  - nbdime=3.1.0
  - nbformat=5.1.3
  - ncurses=6.2
  - nest-asyncio=1.5.1
  - nettle=3.7.3
  - nodejs=12.4.0
  - notebook=6.4.3
  - numpy=1.20.3
  - numpy-base=1.20.3
  - oauthlib=3.1.1
  - olefile=0.46
  - openh264=2.1.0
  - openjpeg=2.4.0
  - openssl=1.1.1l
  - opt_einsum=3.3.0
  - orc=1.6.7
  - packaging=21.0
  - pandas=1.1.0
  - pandoc=2.12
  - pandocfilters=1.4.3
  - parso=0.8.2
  - patsy=0.5.1
  - pcre=8.45
  - pexpect=4.8.0
  - pickleshare=0.7.5
  - pillow=8.3.1
  - pip=21.2.2
  - prometheus_client=0.11.0
  - prometheus_flask_exporter=0.18.2
  - prompt-toolkit=3.0.17
  - protobuf=3.11.2
  - ptyprocess=0.7.0
  - pyarrow=4.0.1
  - pyasn1=0.4.8
  - pyasn1-modules=0.2.8
  - pycosat=0.6.3
  - pycparser=2.20
  - pygments=2.10.0
  - pyjwt=2.1.0
  - pyopenssl=20.0.1
  - pyparsing=2.4.7
  - pyqt=5.9.2
  - pyrsistent=0.17.3
  - pysocks=1.7.1
  - python=3.8.5
  - python-dateutil=2.8.2
  - python-editor=1.0.4
  - python_abi=3.8
  - pytz=2021.1
  - pyyaml=5.4.1
  - pyzmq=22.2.1
  - qt=5.9.7
  - querystring_parser=1.2.4
  - re2=2020.11.01
  - readline=8.1
  - requests=2.26.0
  - requests-oauthlib=1.3.0
  - rsa=4.7.2
  - ruamel_yaml=0.15.100
  - s3fs=0.4.2
  - scikit-learn=0.24.2
  - scipy=1.7.1
  - seaborn=0.11.2
  - send2trash=1.8.0
  - setuptools=58.0.4
  - sip=4.19.13
  - six=1.16.0
  - smmap=4.0.0
  - snappy=1.1.8
  - sniffio=1.2.0
  - sqlalchemy=1.3.13
  - sqlite=3.36.0
  - sqlparse=0.4.1
  - statsmodels=0.11.1
  - tabulate=0.8.9
  - tenacity=8.0.0
  - tensorboard=2.4.0
  - tensorboard-plugin-wit=1.6.0
  - tensorflow=2.2.0
  - tensorflow-base=2.2.0
  - tensorflow-estimator=2.6.0
  - tensorflow-gpu=2.2.0
  - tensorflow-hub=0.8.0
  - termcolor=1.1.0
  - terminado=0.9.4
  - testpath=0.5.0
  - threadpoolctl=2.2.0
  - tk=8.6.10
  - tornado=6.1
  - tqdm=4.61.2
  - traitlets=5.0.5
  - typing-extensions=3.10.0.2
  - typing_extensions=3.10.0.2
  - tzdata=2021a
  - uriparser=0.9.3
  - urllib3=1.25.8
  - utf8proc=2.6.1
  - wcwidth=0.2.5
  - webencodings=0.5.1
  - websocket-client=0.58.0
  - werkzeug=2.0.1
  - wheel=0.36.2
  - widgetsnbextension=3.5.1
  - wrapt=1.12.1
  - x264=1!157.20191217
  - xz=5.2.5
  - yaml=0.2.5
  - zeromq=4.3.4
  - zipp=3.5.0
  - zlib=1.2.11
  - zstd=1.4.9
  - pip:
    - awscli==1.20.48
    - botocore==1.21.48
    - colorama==0.4.3
    - future==0.18.2
    - git+https://github.com/keras-team/keras-tuner@1.0.2rc1
    - s3transfer==0.5.0
    - terminaltables==3.1.0
