name: ucla-dev
channels:
  - conda-forge
  - defaults
dependencies:
  - appnope=0.1.3
  - asttokens=2.0.8
  - backcall=0.2.0
  - backports=1.0
  - backports.functools_lru_cache=1.6.4
  - black=22.6.0
  - bzip2=1.0.8
  - ca-certificates=2022.6.15.1
  - click=8.1.3
  - dataclasses=0.8
  - decorator=5.1.1
  - executing=1.0.0
  - ipython=8.5.0
  - jedi=0.18.1
  - libffi=3.4.2
  - libsqlite=3.39.3
  - libzlib=1.2.12
  - matplotlib-inline=0.1.6
  - mypy=0.971
  - mypy_extensions=0.4.3
  - ncurses=6.3
  - openssl=3.0.5
  - parso=0.8.3
  - pathspec=0.10.1
  - pexpect=4.8.0
  - pickleshare=0.7.5
  - pip=22.2.2
  - platformdirs=2.5.2
  - prompt-toolkit=3.0.31
  - psutil=5.9.2
  - ptyprocess=0.7.0
  - pure_eval=0.2.2
  - pygments=2.13.0
  - python=3.10.6
  - python_abi=3.10
  - readline=8.1.2
  - setuptools=65.3.0
  - six=1.16.0
  - stack_data=0.5.0
  - tk=8.6.12
  - tomli=2.0.1
  - traitlets=5.3.0
  - typed-ast=1.5.4
  - typing_extensions=4.3.0
  - tzdata=2022c
  - wcwidth=0.2.5
  - wheel=0.37.1
  - xz=5.2.6
  - pip:
    - attrs==21.4.0
    - awscli==1.25.71
    - boto3==1.24.70
    - botocore==1.27.70
    - certifi==2022.6.15.1
    - charset-normalizer==2.1.1
    - clize==4.2.0
    - colorama==0.4.4
    - docker==4.2.0
    - docutils==0.16
    - idna==3.3
    - jmespath==1.0.1
    - od==2.0.2
    - pyasn1==0.4.8
    - python-dateutil==2.8.2
    - python-dotenv==0.12.0
    - pyyaml==5.4.1
    - requests==2.28.1
    - rsa==4.7.2
    - s3transfer==0.6.0
    - sigtools==4.0.0
    - urllib3==1.26.12
    - websocket-client==1.4.1
